
Microsoft Visual Studio Solution File, Format Version 12.00
# Visual Studio Version 16
VisualStudioVersion = 16.0.31205.134
MinimumVisualStudioVersion = 10.0.40219.1
Project("{9A19103F-16F7-4668-BE54-9A1E7A4F7556}") = "ConsoleProject", "ConsoleProject\ConsoleProject.csproj", "{ABBF4352-1236-4BB7-A884-8B7715811FEE}"
EndProject
Global
	GlobalSection(SolutionConfigurationPlatforms) = preSolution
		Debug|Any CPU = Debug|Any CPU
		Release|Any CPU = Release|Any CPU
	EndGlobalSection
	GlobalSection(ProjectConfigurationPlatforms) = postSolution
		{ABBF4352-1236-4BB7-A884-8B7715811FEE}.Debug|Any CPU.ActiveCfg = Debug|Any CPU
		{ABBF4352-1236-4BB7-A884-8B7715811FEE}.Debug|Any CPU.Build.0 = Debug|Any CPU
		{ABBF4352-1236-4BB7-A884-8B7715811FEE}.Release|Any CPU.ActiveCfg = Release|Any CPU
		{ABBF4352-1236-4BB7-A884-8B7715811FEE}.Release|Any CPU.Build.0 = Release|Any CPU
	EndGlobalSection
	GlobalSection(SolutionProperties) = preSolution
		HideSolutionNode = FALSE
	EndGlobalSection
	GlobalSection(ExtensibilityGlobals) = postSolution
		SolutionGuid = {7852E577-CF6E-496E-A60C-469A78C4468C}
	EndGlobalSection
EndGlobal
